
Microsoft Visual Studio Solution File, Format Version 12.00
# Visual Studio Version 17
VisualStudioVersion = 17.0.31903.59
MinimumVisualStudioVersion = 10.0.40219.1
Project("{2150E333-8FDC-42A3-9474-1A3956D46DE8}") = "src", "src", "{827E0CD3-B72D-47B6-A68D-7590B98EB39B}"
EndProject
Project("{FAE04EC0-301F-11D3-BF4B-00C04F79EFBC}") = "Federation.Protocol", "src\Federation.Protocol\Federation.Protocol.csproj", "{4D8AC0DE-6EBA-4E1D-AAA7-DE1DB8B04BA0}"
EndProject
Project("{FAE04EC0-301F-11D3-BF4B-00C04F79EFBC}") = "Federation.Deliberation", "src\Federation.Deliberation\Federation.Deliberation.csproj", "{B0851540-E75A-45AC-A39A-04BAF0465D39}"
EndProject
Project("{FAE04EC0-301F-11D3-BF4B-00C04F79EFBC}") = "Federation.Cryptography", "src\Federation.Cryptography\Federation.Cryptography.csproj", "{D82166D6-B5EF-43F7-8D1B-1022B00A8088}"
EndProject
Project("{FAE04EC0-301F-11D3-BF4B-00C04F79EFBC}") = "Federation.Identity", "src\Federation.Identity\Federation.Identity.csproj", "{0CF351C8-2C03-4473-ABA3-7125FD2C9FB6}"
EndProject
Project("{FAE04EC0-301F-11D3-BF4B-00C04F79EFBC}") = "Federation.Storage", "src\Federation.Storage\Federation.Storage.csproj", "{D137ADE1-B1A9-4E21-BB43-0915354BBCDE}"
EndProject
Project("{FAE04EC0-301F-11D3-BF4B-00C04F79EFBC}") = "Federation.Transport", "src\Federation.Transport\Federation.Transport.csproj", "{D47ED670-14E3-4FCB-AE2F-1F180E390826}"
EndProject
Project("{FAE04EC0-301F-11D3-BF4B-00C04F79EFBC}") = "Federation.Discovery", "src\Federation.Discovery\Federation.Discovery.csproj", "{41631D9F-0BA7-4B66-95B4-5C11D6837FBE}"
EndProject
Project("{FAE04EC0-301F-11D3-BF4B-00C04F79EFBC}") = "Federation.Sync", "src\Federation.Sync\Federation.Sync.csproj", "{8BFFA7CE-9D0B-42C6-A2BA-2B6A25460A2B}"
EndProject
Project("{FAE04EC0-301F-11D3-BF4B-00C04F79EFBC}") = "Federation.AgentGateway", "src\Federation.AgentGateway\Federation.AgentGateway.csproj", "{BF95778B-2C12-4B58-9606-BB9441C46334}"
EndProject
Project("{FAE04EC0-301F-11D3-BF4B-00C04F79EFBC}") = "Federation.AgentAdapters.OpenAI", "src\Federation.AgentAdapters.OpenAI\Federation.AgentAdapters.OpenAI.csproj", "{8F256FA3-8CA6-479B-92B1-834A783BED09}"
EndProject
Project("{FAE04EC0-301F-11D3-BF4B-00C04F79EFBC}") = "Federation.Node", "src\Federation.Node\Federation.Node.csproj", "{4279DB0D-1504-4A39-9E8F-FB83F88B3ED4}"
EndProject
Project("{FAE04EC0-301F-11D3-BF4B-00C04F79EFBC}") = "Federation.Node.ToolServer", "src\Federation.Node.ToolServer\Federation.Node.ToolServer.csproj", "{6358F81E-EB99-4569-A8EA-C75493C086D2}"
EndProject
Project("{FAE04EC0-301F-11D3-BF4B-00C04F79EFBC}") = "Federation.Relay", "src\Federation.Relay\Federation.Relay.csproj", "{E996C949-7283-441F-8025-C324339BC3C3}"
EndProject
Project("{FAE04EC0-301F-11D3-BF4B-00C04F79EFBC}") = "Federation.Infrastructure", "src\Federation.Infrastructure\Federation.Infrastructure.csproj", "{97FC6F28-4E30-4F10-834B-BCC5419D37C8}"
EndProject
Project("{FAE04EC0-301F-11D3-BF4B-00C04F79EFBC}") = "Federation.Cli", "src\Federation.Cli\Federation.Cli.csproj", "{48B9E7DE-C22E-4E06-8E73-BB79A0122346}"
EndProject
Project("{FAE04EC0-301F-11D3-BF4B-00C04F79EFBC}") = "Federation.Deliberation.Tests", "tests\Federation.Deliberation.Tests\Federation.Deliberation.Tests.csproj", "{95C8382C-CA09-4B36-B72B-DCDB008E1B2B}"
EndProject
Project("{FAE04EC0-301F-11D3-BF4B-00C04F79EFBC}") = "Federation.Cryptography.Tests", "tests\Federation.Cryptography.Tests\Federation.Cryptography.Tests.csproj", "{5CCD90C2-0C79-4648-A7A7-2721970E41CA}"
EndProject
Project("{FAE04EC0-301F-11D3-BF4B-00C04F79EFBC}") = "Federation.Protocol.Tests", "tests\Federation.Protocol.Tests\Federation.Protocol.Tests.csproj", "{2AC8B868-22DC-45B2-A35A-40101A9D1E53}"
EndProject
Project("{FAE04EC0-301F-11D3-BF4B-00C04F79EFBC}") = "Federation.Security.Tests", "tests\Federation.Security.Tests\Federation.Security.Tests.csproj", "{24289387-5260-4606-8FC6-E84964835C2B}"
EndProject
Project("{FAE04EC0-301F-11D3-BF4B-00C04F79EFBC}") = "Federation.NetworkPartition.Tests", "tests\Federation.NetworkPartition.Tests\Federation.NetworkPartition.Tests.csproj", "{8A2442D4-7562-4685-804C-A38492800669}"
EndProject
Global
	GlobalSection(SolutionConfigurationPlatforms) = preSolution
		Debug|Any CPU = Debug|Any CPU
		Debug|x64 = Debug|x64
		Debug|x86 = Debug|x86
		Release|Any CPU = Release|Any CPU
		Release|x64 = Release|x64
		Release|x86 = Release|x86
	EndGlobalSection
	GlobalSection(ProjectConfigurationPlatforms) = postSolution
		{4D8AC0DE-6EBA-4E1D-AAA7-DE1DB8B04BA0}.Debug|Any CPU.ActiveCfg = Debug|Any CPU
		{4D8AC0DE-6EBA-4E1D-AAA7-DE1DB8B04BA0}.Debug|Any CPU.Build.0 = Debug|Any CPU
		{4D8AC0DE-6EBA-4E1D-AAA7-DE1DB8B04BA0}.Debug|x64.ActiveCfg = Debug|Any CPU
		{4D8AC0DE-6EBA-4E1D-AAA7-DE1DB8B04BA0}.Debug|x64.Build.0 = Debug|Any CPU
		{4D8AC0DE-6EBA-4E1D-AAA7-DE1DB8B04BA0}.Debug|x86.ActiveCfg = Debug|Any CPU
		{4D8AC0DE-6EBA-4E1D-AAA7-DE1DB8B04BA0}.Debug|x86.Build.0 = Debug|Any CPU
		{4D8AC0DE-6EBA-4E1D-AAA7-DE1DB8B04BA0}.Release|Any CPU.ActiveCfg = Release|Any CPU
		{4D8AC0DE-6EBA-4E1D-AAA7-DE1DB8B04BA0}.Release|Any CPU.Build.0 = Release|Any CPU
		{4D8AC0DE-6EBA-4E1D-AAA7-DE1DB8B04BA0}.Release|x64.ActiveCfg = Release|Any CPU
		{4D8AC0DE-6EBA-4E1D-AAA7-DE1DB8B04BA0}.Release|x64.Build.0 = Release|Any CPU
		{4D8AC0DE-6EBA-4E1D-AAA7-DE1DB8B04BA0}.Release|x86.ActiveCfg = Release|Any CPU
		{4D8AC0DE-6EBA-4E1D-AAA7-DE1DB8B04BA0}.Release|x86.Build.0 = Release|Any CPU
		{B0851540-E75A-45AC-A39A-04BAF0465D39}.Debug|Any CPU.ActiveCfg = Debug|Any CPU
		{B0851540-E75A-45AC-A39A-04BAF0465D39}.Debug|Any CPU.Build.0 = Debug|Any CPU
		{B0851540-E75A-45AC-A39A-04BAF0465D39}.Debug|x64.ActiveCfg = Debug|Any CPU
		{B0851540-E75A-45AC-A39A-04BAF0465D39}.Debug|x64.Build.0 = Debug|Any CPU
		{B0851540-E75A-45AC-A39A-04BAF0465D39}.Debug|x86.ActiveCfg = Debug|Any CPU
		{B0851540-E75A-45AC-A39A-04BAF0465D39}.Debug|x86.Build.0 = Debug|Any CPU
		{B0851540-E75A-45AC-A39A-04BAF0465D39}.Release|Any CPU.ActiveCfg = Release|Any CPU
		{B0851540-E75A-45AC-A39A-04BAF0465D39}.Release|Any CPU.Build.0 = Release|Any CPU
		{B0851540-E75A-45AC-A39A-04BAF0465D39}.Release|x64.ActiveCfg = Release|Any CPU
		{B0851540-E75A-45AC-A39A-04BAF0465D39}.Release|x64.Build.0 = Release|Any CPU
		{B0851540-E75A-45AC-A39A-04BAF0465D39}.Release|x86.ActiveCfg = Release|Any CPU
		{B0851540-E75A-45AC-A39A-04BAF0465D39}.Release|x86.Build.0 = Release|Any CPU
		{D82166D6-B5EF-43F7-8D1B-1022B00A8088}.Debug|Any CPU.ActiveCfg = Debug|Any CPU
		{D82166D6-B5EF-43F7-8D1B-1022B00A8088}.Debug|Any CPU.Build.0 = Debug|Any CPU
		{D82166D6-B5EF-43F7-8D1B-1022B00A8088}.Debug|x64.ActiveCfg = Debug|Any CPU
		{D82166D6-B5EF-43F7-8D1B-1022B00A8088}.Debug|x64.Build.0 = Debug|Any CPU
		{D82166D6-B5EF-43F7-8D1B-1022B00A8088}.Debug|x86.ActiveCfg = Debug|Any CPU
		{D82166D6-B5EF-43F7-8D1B-1022B00A8088}.Debug|x86.Build.0 = Debug|Any CPU
		{D82166D6-B5EF-43F7-8D1B-1022B00A8088}.Release|Any CPU.ActiveCfg = Release|Any CPU
		{D82166D6-B5EF-43F7-8D1B-1022B00A8088}.Release|Any CPU.Build.0 = Release|Any CPU
		{D82166D6-B5EF-43F7-8D1B-1022B00A8088}.Release|x64.ActiveCfg = Release|Any CPU
		{D82166D6-B5EF-43F7-8D1B-1022B00A8088}.Release|x64.Build.0 = Release|Any CPU
		{D82166D6-B5EF-43F7-8D1B-1022B00A8088}.Release|x86.ActiveCfg = Release|Any CPU
		{D82166D6-B5EF-43F7-8D1B-1022B00A8088}.Release|x86.Build.0 = Release|Any CPU
		{0CF351C8-2C03-4473-ABA3-7125FD2C9FB6}.Debug|Any CPU.ActiveCfg = Debug|Any CPU
		{0CF351C8-2C03-4473-ABA3-7125FD2C9FB6}.Debug|Any CPU.Build.0 = Debug|Any CPU
		{0CF351C8-2C03-4473-ABA3-7125FD2C9FB6}.Debug|x64.ActiveCfg = Debug|Any CPU
		{0CF351C8-2C03-4473-ABA3-7125FD2C9FB6}.Debug|x64.Build.0 = Debug|Any CPU
		{0CF351C8-2C03-4473-ABA3-7125FD2C9FB6}.Debug|x86.ActiveCfg = Debug|Any CPU
		{0CF351C8-2C03-4473-ABA3-7125FD2C9FB6}.Debug|x86.Build.0 = Debug|Any CPU
		{0CF351C8-2C03-4473-ABA3-7125FD2C9FB6}.Release|Any CPU.ActiveCfg = Release|Any CPU
		{0CF351C8-2C03-4473-ABA3-7125FD2C9FB6}.Release|Any CPU.Build.0 = Release|Any CPU
		{0CF351C8-2C03-4473-ABA3-7125FD2C9FB6}.Release|x64.ActiveCfg = Release|Any CPU
		{0CF351C8-2C03-4473-ABA3-7125FD2C9FB6}.Release|x64.Build.0 = Release|Any CPU
		{0CF351C8-2C03-4473-ABA3-7125FD2C9FB6}.Release|x86.ActiveCfg = Release|Any CPU
		{0CF351C8-2C03-4473-ABA3-7125FD2C9FB6}.Release|x86.Build.0 = Release|Any CPU
		{D137ADE1-B1A9-4E21-BB43-0915354BBCDE}.Debug|Any CPU.ActiveCfg = Debug|Any CPU
		{D137ADE1-B1A9-4E21-BB43-0915354BBCDE}.Debug|Any CPU.Build.0 = Debug|Any CPU
		{D137ADE1-B1A9-4E21-BB43-0915354BBCDE}.Debug|x64.ActiveCfg = Debug|Any CPU
		{D137ADE1-B1A9-4E21-BB43-0915354BBCDE}.Debug|x64.Build.0 = Debug|Any CPU
		{D137ADE1-B1A9-4E21-BB43-0915354BBCDE}.Debug|x86.ActiveCfg = Debug|Any CPU
		{D137ADE1-B1A9-4E21-BB43-0915354BBCDE}.Debug|x86.Build.0 = Debug|Any CPU
		{D137ADE1-B1A9-4E21-BB43-0915354BBCDE}.Release|Any CPU.ActiveCfg = Release|Any CPU
		{D137ADE1-B1A9-4E21-BB43-0915354BBCDE}.Release|Any CPU.Build.0 = Release|Any CPU
		{D137ADE1-B1A9-4E21-BB43-0915354BBCDE}.Release|x64.ActiveCfg = Release|Any CPU
		{D137ADE1-B1A9-4E21-BB43-0915354BBCDE}.Release|x64.Build.0 = Release|Any CPU
		{D137ADE1-B1A9-4E21-BB43-0915354BBCDE}.Release|x86.ActiveCfg = Release|Any CPU
		{D137ADE1-B1A9-4E21-BB43-0915354BBCDE}.Release|x86.Build.0 = Release|Any CPU
		{D47ED670-14E3-4FCB-AE2F-1F180E390826}.Debug|Any CPU.ActiveCfg = Debug|Any CPU
		{D47ED670-14E3-4FCB-AE2F-1F180E390826}.Debug|Any CPU.Build.0 = Debug|Any CPU
		{D47ED670-14E3-4FCB-AE2F-1F180E390826}.Debug|x64.ActiveCfg = Debug|Any CPU
		{D47ED670-14E3-4FCB-AE2F-1F180E390826}.Debug|x64.Build.0 = Debug|Any CPU
		{D47ED670-14E3-4FCB-AE2F-1F180E390826}.Debug|x86.ActiveCfg = Debug|Any CPU
		{D47ED670-14E3-4FCB-AE2F-1F180E390826}.Debug|x86.Build.0 = Debug|Any CPU
		{D47ED670-14E3-4FCB-AE2F-1F180E390826}.Release|Any CPU.ActiveCfg = Release|Any CPU
		{D47ED670-14E3-4FCB-AE2F-1F180E390826}.Release|Any CPU.Build.0 = Release|Any CPU
		{D47ED670-14E3-4FCB-AE2F-1F180E390826}.Release|x64.ActiveCfg = Release|Any CPU
		{D47ED670-14E3-4FCB-AE2F-1F180E390826}.Release|x64.Build.0 = Release|Any CPU
		{D47ED670-14E3-4FCB-AE2F-1F180E390826}.Release|x86.ActiveCfg = Release|Any CPU
		{D47ED670-14E3-4FCB-AE2F-1F180E390826}.Release|x86.Build.0 = Release|Any CPU
		{41631D9F-0BA7-4B66-95B4-5C11D6837FBE}.Debug|Any CPU.ActiveCfg = Debug|Any CPU
		{41631D9F-0BA7-4B66-95B4-5C11D6837FBE}.Debug|Any CPU.Build.0 = Debug|Any CPU
		{41631D9F-0BA7-4B66-95B4-5C11D6837FBE}.Debug|x64.ActiveCfg = Debug|Any CPU
		{41631D9F-0BA7-4B66-95B4-5C11D6837FBE}.Debug|x64.Build.0 = Debug|Any CPU
		{41631D9F-0BA7-4B66-95B4-5C11D6837FBE}.Debug|x86.ActiveCfg = Debug|Any CPU
		{41631D9F-0BA7-4B66-95B4-5C11D6837FBE}.Debug|x86.Build.0 = Debug|Any CPU
		{41631D9F-0BA7-4B66-95B4-5C11D6837FBE}.Release|Any CPU.ActiveCfg = Release|Any CPU
		{41631D9F-0BA7-4B66-95B4-5C11D6837FBE}.Release|Any CPU.Build.0 = Release|Any CPU
		{41631D9F-0BA7-4B66-95B4-5C11D6837FBE}.Release|x64.ActiveCfg = Release|Any CPU
		{41631D9F-0BA7-4B66-95B4-5C11D6837FBE}.Release|x64.Build.0 = Release|Any CPU
		{41631D9F-0BA7-4B66-95B4-5C11D6837FBE}.Release|x86.ActiveCfg = Release|Any CPU
		{41631D9F-0BA7-4B66-95B4-5C11D6837FBE}.Release|x86.Build.0 = Release|Any CPU
		{8BFFA7CE-9D0B-42C6-A2BA-2B6A25460A2B}.Debug|Any CPU.ActiveCfg = Debug|Any CPU
		{8BFFA7CE-9D0B-42C6-A2BA-2B6A25460A2B}.Debug|Any CPU.Build.0 = Debug|Any CPU
		{8BFFA7CE-9D0B-42C6-A2BA-2B6A25460A2B}.Debug|x64.ActiveCfg = Debug|Any CPU
		{8BFFA7CE-9D0B-42C6-A2BA-2B6A25460A2B}.Debug|x64.Build.0 = Debug|Any CPU
		{8BFFA7CE-9D0B-42C6-A2BA-2B6A25460A2B}.Debug|x86.ActiveCfg = Debug|Any CPU
		{8BFFA7CE-9D0B-42C6-A2BA-2B6A25460A2B}.Debug|x86.Build.0 = Debug|Any CPU
		{8BFFA7CE-9D0B-42C6-A2BA-2B6A25460A2B}.Release|Any CPU.ActiveCfg = Release|Any CPU
		{8BFFA7CE-9D0B-42C6-A2BA-2B6A25460A2B}.Release|Any CPU.Build.0 = Release|Any CPU
		{8BFFA7CE-9D0B-42C6-A2BA-2B6A25460A2B}.Release|x64.ActiveCfg = Release|Any CPU
		{8BFFA7CE-9D0B-42C6-A2BA-2B6A25460A2B}.Release|x64.Build.0 = Release|Any CPU
		{8BFFA7CE-9D0B-42C6-A2BA-2B6A25460A2B}.Release|x86.ActiveCfg = Release|Any CPU
		{8BFFA7CE-9D0B-42C6-A2BA-2B6A25460A2B}.Release|x86.Build.0 = Release|Any CPU
		{BF95778B-2C12-4B58-9606-BB9441C46334}.Debug|Any CPU.ActiveCfg = Debug|Any CPU
		{BF95778B-2C12-4B58-9606-BB9441C46334}.Debug|Any CPU.Build.0 = Debug|Any CPU
		{BF95778B-2C12-4B58-9606-BB9441C46334}.Debug|x64.ActiveCfg = Debug|Any CPU
		{BF95778B-2C12-4B58-9606-BB9441C46334}.Debug|x64.Build.0 = Debug|Any CPU
		{BF95778B-2C12-4B58-9606-BB9441C46334}.Debug|x86.ActiveCfg = Debug|Any CPU
		{BF95778B-2C12-4B58-9606-BB9441C46334}.Debug|x86.Build.0 = Debug|Any CPU
		{BF95778B-2C12-4B58-9606-BB9441C46334}.Release|Any CPU.ActiveCfg = Release|Any CPU
		{BF95778B-2C12-4B58-9606-BB9441C46334}.Release|Any CPU.Build.0 = Release|Any CPU
		{BF95778B-2C12-4B58-9606-BB9441C46334}.Release|x64.ActiveCfg = Release|Any CPU
		{BF95778B-2C12-4B58-9606-BB9441C46334}.Release|x64.Build.0 = Release|Any CPU
		{BF95778B-2C12-4B58-9606-BB9441C46334}.Release|x86.ActiveCfg = Release|Any CPU
		{BF95778B-2C12-4B58-9606-BB9441C46334}.Release|x86.Build.0 = Release|Any CPU
		{8F256FA3-8CA6-479B-92B1-834A783BED09}.Debug|Any CPU.ActiveCfg = Debug|Any CPU
		{8F256FA3-8CA6-479B-92B1-834A783BED09}.Debug|Any CPU.Build.0 = Debug|Any CPU
		{8F256FA3-8CA6-479B-92B1-834A783BED09}.Debug|x64.ActiveCfg = Debug|Any CPU
		{8F256FA3-8CA6-479B-92B1-834A783BED09}.Debug|x64.Build.0 = Debug|Any CPU
		{8F256FA3-8CA6-479B-92B1-834A783BED09}.Debug|x86.ActiveCfg = Debug|Any CPU
		{8F256FA3-8CA6-479B-92B1-834A783BED09}.Debug|x86.Build.0 = Debug|Any CPU
		{8F256FA3-8CA6-479B-92B1-834A783BED09}.Release|Any CPU.ActiveCfg = Release|Any CPU
		{8F256FA3-8CA6-479B-92B1-834A783BED09}.Release|Any CPU.Build.0 = Release|Any CPU
		{8F256FA3-8CA6-479B-92B1-834A783BED09}.Release|x64.ActiveCfg = Release|Any CPU
		{8F256FA3-8CA6-479B-92B1-834A783BED09}.Release|x64.Build.0 = Release|Any CPU
		{8F256FA3-8CA6-479B-92B1-834A783BED09}.Release|x86.ActiveCfg = Release|Any CPU
		{8F256FA3-8CA6-479B-92B1-834A783BED09}.Release|x86.Build.0 = Release|Any CPU
		{4279DB0D-1504-4A39-9E8F-FB83F88B3ED4}.Debug|Any CPU.ActiveCfg = Debug|Any CPU
		{4279DB0D-1504-4A39-9E8F-FB83F88B3ED4}.Debug|Any CPU.Build.0 = Debug|Any CPU
		{4279DB0D-1504-4A39-9E8F-FB83F88B3ED4}.Debug|x64.ActiveCfg = Debug|Any CPU
		{4279DB0D-1504-4A39-9E8F-FB83F88B3ED4}.Debug|x64.Build.0 = Debug|Any CPU
		{4279DB0D-1504-4A39-9E8F-FB83F88B3ED4}.Debug|x86.ActiveCfg = Debug|Any CPU
		{4279DB0D-1504-4A39-9E8F-FB83F88B3ED4}.Debug|x86.Build.0 = Debug|Any CPU
		{4279DB0D-1504-4A39-9E8F-FB83F88B3ED4}.Release|Any CPU.ActiveCfg = Release|Any CPU
		{4279DB0D-1504-4A39-9E8F-FB83F88B3ED4}.Release|Any CPU.Build.0 = Release|Any CPU
		{4279DB0D-1504-4A39-9E8F-FB83F88B3ED4}.Release|x64.ActiveCfg = Release|Any CPU
		{4279DB0D-1504-4A39-9E8F-FB83F88B3ED4}.Release|x64.Build.0 = Release|Any CPU
		{4279DB0D-1504-4A39-9E8F-FB83F88B3ED4}.Release|x86.ActiveCfg = Release|Any CPU
		{4279DB0D-1504-4A39-9E8F-FB83F88B3ED4}.Release|x86.Build.0 = Release|Any CPU
		{6358F81E-EB99-4569-A8EA-C75493C086D2}.Debug|Any CPU.ActiveCfg = Debug|Any CPU
		{6358F81E-EB99-4569-A8EA-C75493C086D2}.Debug|Any CPU.Build.0 = Debug|Any CPU
		{6358F81E-EB99-4569-A8EA-C75493C086D2}.Debug|x64.ActiveCfg = Debug|Any CPU
		{6358F81E-EB99-4569-A8EA-C75493C086D2}.Debug|x64.Build.0 = Debug|Any CPU
		{6358F81E-EB99-4569-A8EA-C75493C086D2}.Debug|x86.ActiveCfg = Debug|Any CPU
		{6358F81E-EB99-4569-A8EA-C75493C086D2}.Debug|x86.Build.0 = Debug|Any CPU
		{6358F81E-EB99-4569-A8EA-C75493C086D2}.Release|Any CPU.ActiveCfg = Release|Any CPU
		{6358F81E-EB99-4569-A8EA-C75493C086D2}.Release|Any CPU.Build.0 = Release|Any CPU
		{6358F81E-EB99-4569-A8EA-C75493C086D2}.Release|x64.ActiveCfg = Release|Any CPU
		{6358F81E-EB99-4569-A8EA-C75493C086D2}.Release|x64.Build.0 = Release|Any CPU
		{6358F81E-EB99-4569-A8EA-C75493C086D2}.Release|x86.ActiveCfg = Release|Any CPU
		{6358F81E-EB99-4569-A8EA-C75493C086D2}.Release|x86.Build.0 = Release|Any CPU
		{E996C949-7283-441F-8025-C324339BC3C3}.Debug|Any CPU.ActiveCfg = Debug|Any CPU
		{E996C949-7283-441F-8025-C324339BC3C3}.Debug|Any CPU.Build.0 = Debug|Any CPU
		{E996C949-7283-441F-8025-C324339BC3C3}.Debug|x64.ActiveCfg = Debug|Any CPU
		{E996C949-7283-441F-8025-C324339BC3C3}.Debug|x64.Build.0 = Debug|Any CPU
		{E996C949-7283-441F-8025-C324339BC3C3}.Debug|x86.ActiveCfg = Debug|Any CPU
		{E996C949-7283-441F-8025-C324339BC3C3}.Debug|x86.Build.0 = Debug|Any CPU
		{E996C949-7283-441F-8025-C324339BC3C3}.Release|Any CPU.ActiveCfg = Release|Any CPU
		{E996C949-7283-441F-8025-C324339BC3C3}.Release|Any CPU.Build.0 = Release|Any CPU
		{E996C949-7283-441F-8025-C324339BC3C3}.Release|x64.ActiveCfg = Release|Any CPU
		{E996C949-7283-441F-8025-C324339BC3C3}.Release|x64.Build.0 = Release|Any CPU
		{E996C949-7283-441F-8025-C324339BC3C3}.Release|x86.ActiveCfg = Release|Any CPU
		{E996C949-7283-441F-8025-C324339BC3C3}.Release|x86.Build.0 = Release|Any CPU
		{97FC6F28-4E30-4F10-834B-BCC5419D37C8}.Debug|Any CPU.ActiveCfg = Debug|Any CPU
		{97FC6F28-4E30-4F10-834B-BCC5419D37C8}.Debug|Any CPU.Build.0 = Debug|Any CPU
		{97FC6F28-4E30-4F10-834B-BCC5419D37C8}.Debug|x64.ActiveCfg = Debug|Any CPU
		{97FC6F28-4E30-4F10-834B-BCC5419D37C8}.Debug|x64.Build.0 = Debug|Any CPU
		{97FC6F28-4E30-4F10-834B-BCC5419D37C8}.Debug|x86.ActiveCfg = Debug|Any CPU
		{97FC6F28-4E30-4F10-834B-BCC5419D37C8}.Debug|x86.Build.0 = Debug|Any CPU
		{97FC6F28-4E30-4F10-834B-BCC5419D37C8}.Release|Any CPU.ActiveCfg = Release|Any CPU
		{97FC6F28-4E30-4F10-834B-BCC5419D37C8}.Release|Any CPU.Build.0 = Release|Any CPU
		{97FC6F28-4E30-4F10-834B-BCC5419D37C8}.Release|x64.ActiveCfg = Release|Any CPU
		{97FC6F28-4E30-4F10-834B-BCC5419D37C8}.Release|x64.Build.0 = Release|Any CPU
		{97FC6F28-4E30-4F10-834B-BCC5419D37C8}.Release|x86.ActiveCfg = Release|Any CPU
		{97FC6F28-4E30-4F10-834B-BCC5419D37C8}.Release|x86.Build.0 = Release|Any CPU
		{48B9E7DE-C22E-4E06-8E73-BB79A0122346}.Debug|Any CPU.ActiveCfg = Debug|Any CPU
		{48B9E7DE-C22E-4E06-8E73-BB79A0122346}.Debug|Any CPU.Build.0 = Debug|Any CPU
		{48B9E7DE-C22E-4E06-8E73-BB79A0122346}.Debug|x64.ActiveCfg = Debug|Any CPU
		{48B9E7DE-C22E-4E06-8E73-BB79A0122346}.Debug|x64.Build.0 = Debug|Any CPU
		{48B9E7DE-C22E-4E06-8E73-BB79A0122346}.Debug|x86.ActiveCfg = Debug|Any CPU
		{48B9E7DE-C22E-4E06-8E73-BB79A0122346}.Debug|x86.Build.0 = Debug|Any CPU
		{48B9E7DE-C22E-4E06-8E73-BB79A0122346}.Release|Any CPU.ActiveCfg = Release|Any CPU
		{48B9E7DE-C22E-4E06-8E73-BB79A0122346}.Release|Any CPU.Build.0 = Release|Any CPU
		{48B9E7DE-C22E-4E06-8E73-BB79A0122346}.Release|x64.ActiveCfg = Release|Any CPU
		{48B9E7DE-C22E-4E06-8E73-BB79A0122346}.Release|x64.Build.0 = Release|Any CPU
		{48B9E7DE-C22E-4E06-8E73-BB79A0122346}.Release|x86.ActiveCfg = Release|Any CPU
		{48B9E7DE-C22E-4E06-8E73-BB79A0122346}.Release|x86.Build.0 = Release|Any CPU
		{95C8382C-CA09-4B36-B72B-DCDB008E1B2B}.Debug|Any CPU.ActiveCfg = Debug|Any CPU
		{95C8382C-CA09-4B36-B72B-DCDB008E1B2B}.Debug|Any CPU.Build.0 = Debug|Any CPU
		{95C8382C-CA09-4B36-B72B-DCDB008E1B2B}.Debug|x64.ActiveCfg = Debug|Any CPU
		{95C8382C-CA09-4B36-B72B-DCDB008E1B2B}.Debug|x64.Build.0 = Debug|Any CPU
		{95C8382C-CA09-4B36-B72B-DCDB008E1B2B}.Debug|x86.ActiveCfg = Debug|Any CPU
		{95C8382C-CA09-4B36-B72B-DCDB008E1B2B}.Debug|x86.Build.0 = Debug|Any CPU
		{95C8382C-CA09-4B36-B72B-DCDB008E1B2B}.Release|Any CPU.ActiveCfg = Release|Any CPU
		{95C8382C-CA09-4B36-B72B-DCDB008E1B2B}.Release|Any CPU.Build.0 = Release|Any CPU
		{95C8382C-CA09-4B36-B72B-DCDB008E1B2B}.Release|x64.ActiveCfg = Release|Any CPU
		{95C8382C-CA09-4B36-B72B-DCDB008E1B2B}.Release|x64.Build.0 = Release|Any CPU
		{95C8382C-CA09-4B36-B72B-DCDB008E1B2B}.Release|x86.ActiveCfg = Release|Any CPU
		{95C8382C-CA09-4B36-B72B-DCDB008E1B2B}.Release|x86.Build.0 = Release|Any CPU
		{5CCD90C2-0C79-4648-A7A7-2721970E41CA}.Debug|Any CPU.ActiveCfg = Debug|Any CPU
		{5CCD90C2-0C79-4648-A7A7-2721970E41CA}.Debug|Any CPU.Build.0 = Debug|Any CPU
		{5CCD90C2-0C79-4648-A7A7-2721970E41CA}.Debug|x64.ActiveCfg = Debug|Any CPU
		{5CCD90C2-0C79-4648-A7A7-2721970E41CA}.Debug|x64.Build.0 = Debug|Any CPU
		{5CCD90C2-0C79-4648-A7A7-2721970E41CA}.Debug|x86.ActiveCfg = Debug|Any CPU
		{5CCD90C2-0C79-4648-A7A7-2721970E41CA}.Debug|x86.Build.0 = Debug|Any CPU
		{5CCD90C2-0C79-4648-A7A7-2721970E41CA}.Release|Any CPU.ActiveCfg = Release|Any CPU
		{5CCD90C2-0C79-4648-A7A7-2721970E41CA}.Release|Any CPU.Build.0 = Release|Any CPU
		{5CCD90C2-0C79-4648-A7A7-2721970E41CA}.Release|x64.ActiveCfg = Release|Any CPU
		{5CCD90C2-0C79-4648-A7A7-2721970E41CA}.Release|x64.Build.0 = Release|Any CPU
		{5CCD90C2-0C79-4648-A7A7-2721970E41CA}.Release|x86.ActiveCfg = Release|Any CPU
		{5CCD90C2-0C79-4648-A7A7-2721970E41CA}.Release|x86.Build.0 = Release|Any CPU
		{2AC8B868-22DC-45B2-A35A-40101A9D1E53}.Debug|Any CPU.ActiveCfg = Debug|Any CPU
		{2AC8B868-22DC-45B2-A35A-40101A9D1E53}.Debug|Any CPU.Build.0 = Debug|Any CPU
		{2AC8B868-22DC-45B2-A35A-40101A9D1E53}.Debug|x64.ActiveCfg = Debug|Any CPU
		{2AC8B868-22DC-45B2-A35A-40101A9D1E53}.Debug|x64.Build.0 = Debug|Any CPU
		{2AC8B868-22DC-45B2-A35A-40101A9D1E53}.Debug|x86.ActiveCfg = Debug|Any CPU
		{2AC8B868-22DC-45B2-A35A-40101A9D1E53}.Debug|x86.Build.0 = Debug|Any CPU
		{2AC8B868-22DC-45B2-A35A-40101A9D1E53}.Release|Any CPU.ActiveCfg = Release|Any CPU
		{2AC8B868-22DC-45B2-A35A-40101A9D1E53}.Release|Any CPU.Build.0 = Release|Any CPU
		{2AC8B868-22DC-45B2-A35A-40101A9D1E53}.Release|x64.ActiveCfg = Release|Any CPU
		{2AC8B868-22DC-45B2-A35A-40101A9D1E53}.Release|x64.Build.0 = Release|Any CPU
		{2AC8B868-22DC-45B2-A35A-40101A9D1E53}.Release|x86.ActiveCfg = Release|Any CPU
		{2AC8B868-22DC-45B2-A35A-40101A9D1E53}.Release|x86.Build.0 = Release|Any CPU
		{24289387-5260-4606-8FC6-E84964835C2B}.Debug|Any CPU.ActiveCfg = Debug|Any CPU
		{24289387-5260-4606-8FC6-E84964835C2B}.Debug|Any CPU.Build.0 = Debug|Any CPU
		{24289387-5260-4606-8FC6-E84964835C2B}.Debug|x64.ActiveCfg = Debug|Any CPU
		{24289387-5260-4606-8FC6-E84964835C2B}.Debug|x64.Build.0 = Debug|Any CPU
		{24289387-5260-4606-8FC6-E84964835C2B}.Debug|x86.ActiveCfg = Debug|Any CPU
		{24289387-5260-4606-8FC6-E84964835C2B}.Debug|x86.Build.0 = Debug|Any CPU
		{24289387-5260-4606-8FC6-E84964835C2B}.Release|Any CPU.ActiveCfg = Release|Any CPU
		{24289387-5260-4606-8FC6-E84964835C2B}.Release|Any CPU.Build.0 = Release|Any CPU
		{24289387-5260-4606-8FC6-E84964835C2B}.Release|x64.ActiveCfg = Release|Any CPU
		{24289387-5260-4606-8FC6-E84964835C2B}.Release|x64.Build.0 = Release|Any CPU
		{24289387-5260-4606-8FC6-E84964835C2B}.Release|x86.ActiveCfg = Release|Any CPU
		{24289387-5260-4606-8FC6-E84964835C2B}.Release|x86.Build.0 = Release|Any CPU
		{8A2442D4-7562-4685-804C-A38492800669}.Debug|Any CPU.ActiveCfg = Debug|Any CPU
		{8A2442D4-7562-4685-804C-A38492800669}.Debug|Any CPU.Build.0 = Debug|Any CPU
		{8A2442D4-7562-4685-804C-A38492800669}.Debug|x64.ActiveCfg = Debug|Any CPU
		{8A2442D4-7562-4685-804C-A38492800669}.Debug|x64.Build.0 = Debug|Any CPU
		{8A2442D4-7562-4685-804C-A38492800669}.Debug|x86.ActiveCfg = Debug|Any CPU
		{8A2442D4-7562-4685-804C-A38492800669}.Debug|x86.Build.0 = Debug|Any CPU
		{8A2442D4-7562-4685-804C-A38492800669}.Release|Any CPU.ActiveCfg = Release|Any CPU
		{8A2442D4-7562-4685-804C-A38492800669}.Release|Any CPU.Build.0 = Release|Any CPU
		{8A2442D4-7562-4685-804C-A38492800669}.Release|x64.ActiveCfg = Release|Any CPU
		{8A2442D4-7562-4685-804C-A38492800669}.Release|x64.Build.0 = Release|Any CPU
		{8A2442D4-7562-4685-804C-A38492800669}.Release|x86.ActiveCfg = Release|Any CPU
		{8A2442D4-7562-4685-804C-A38492800669}.Release|x86.Build.0 = Release|Any CPU
	EndGlobalSection
	GlobalSection(SolutionProperties) = preSolution
		HideSolutionNode = FALSE
	EndGlobalSection
	GlobalSection(NestedProjects) = preSolution
		{4D8AC0DE-6EBA-4E1D-AAA7-DE1DB8B04BA0} = {827E0CD3-B72D-47B6-A68D-7590B98EB39B}
		{B0851540-E75A-45AC-A39A-04BAF0465D39} = {827E0CD3-B72D-47B6-A68D-7590B98EB39B}
		{D82166D6-B5EF-43F7-8D1B-1022B00A8088} = {827E0CD3-B72D-47B6-A68D-7590B98EB39B}
		{0CF351C8-2C03-4473-ABA3-7125FD2C9FB6} = {827E0CD3-B72D-47B6-A68D-7590B98EB39B}
		{D137ADE1-B1A9-4E21-BB43-0915354BBCDE} = {827E0CD3-B72D-47B6-A68D-7590B98EB39B}
		{D47ED670-14E3-4FCB-AE2F-1F180E390826} = {827E0CD3-B72D-47B6-A68D-7590B98EB39B}
		{41631D9F-0BA7-4B66-95B4-5C11D6837FBE} = {827E0CD3-B72D-47B6-A68D-7590B98EB39B}
		{8BFFA7CE-9D0B-42C6-A2BA-2B6A25460A2B} = {827E0CD3-B72D-47B6-A68D-7590B98EB39B}
		{BF95778B-2C12-4B58-9606-BB9441C46334} = {827E0CD3-B72D-47B6-A68D-7590B98EB39B}
		{8F256FA3-8CA6-479B-92B1-834A783BED09} = {827E0CD3-B72D-47B6-A68D-7590B98EB39B}
		{4279DB0D-1504-4A39-9E8F-FB83F88B3ED4} = {827E0CD3-B72D-47B6-A68D-7590B98EB39B}
		{6358F81E-EB99-4569-A8EA-C75493C086D2} = {827E0CD3-B72D-47B6-A68D-7590B98EB39B}
		{E996C949-7283-441F-8025-C324339BC3C3} = {827E0CD3-B72D-47B6-A68D-7590B98EB39B}
		{97FC6F28-4E30-4F10-834B-BCC5419D37C8} = {827E0CD3-B72D-47B6-A68D-7590B98EB39B}
		{48B9E7DE-C22E-4E06-8E73-BB79A0122346} = {827E0CD3-B72D-47B6-A68D-7590B98EB39B}
		{95C8382C-CA09-4B36-B72B-DCDB008E1B2B} = {827E0CD3-B72D-47B6-A68D-7590B98EB39B}
		{5CCD90C2-0C79-4648-A7A7-2721970E41CA} = {827E0CD3-B72D-47B6-A68D-7590B98EB39B}
		{2AC8B868-22DC-45B2-A35A-40101A9D1E53} = {827E0CD3-B72D-47B6-A68D-7590B98EB39B}
		{24289387-5260-4606-8FC6-E84964835C2B} = {827E0CD3-B72D-47B6-A68D-7590B98EB39B}
		{8A2442D4-7562-4685-804C-A38492800669} = {827E0CD3-B72D-47B6-A68D-7590B98EB39B}
	EndGlobalSection
EndGlobal
